
Microsoft Visual Studio Solution File, Format Version 12.00
# Visual Studio Version 17
VisualStudioVersion = 17.14.36429.23 d17.14
MinimumVisualStudioVersion = 10.0.40219.1
Project("{FAE04EC0-301F-11D3-BF4B-00C04F79EFBC}") = "heavenHotel", "heavenHotel.csproj", "{E8EACF96-6E26-451D-BE37-B5F8B443197F}"
EndProject
Global
	GlobalSection(SolutionConfigurationPlatforms) = preSolution
		Debug|Any CPU = Debug|Any CPU
		Release|Any CPU = Release|Any CPU
	EndGlobalSection
	GlobalSection(ProjectConfigurationPlatforms) = postSolution
		{E8EACF96-6E26-451D-BE37-B5F8B443197F}.Debug|Any CPU.ActiveCfg = Debug|Any CPU
		{E8EACF96-6E26-451D-BE37-B5F8B443197F}.Debug|Any CPU.Build.0 = Debug|Any CPU
		{E8EACF96-6E26-451D-BE37-B5F8B443197F}.Release|Any CPU.ActiveCfg = Release|Any CPU
		{E8EACF96-6E26-451D-BE37-B5F8B443197F}.Release|Any CPU.Build.0 = Release|Any CPU
	EndGlobalSection
	GlobalSection(SolutionProperties) = preSolution
		HideSolutionNode = FALSE
	EndGlobalSection
	GlobalSection(ExtensibilityGlobals) = postSolution
		SolutionGuid = {EBF7674A-EDE4-49AB-9752-D7752DA3DC74}
	EndGlobalSection
EndGlobal
